
Microsoft Visual Studio Solution File, Format Version 10.00
# Visual C++ Express 2008
Project("{8BC9CEB8-8B4A-11D0-8D11-00A0C91BC942}") = "tritree", "tritree\tritree.vcproj", "{CF462A36-F048-4433-8738-E36FE2D3545B}"
EndProject
Global
	GlobalSection(SolutionConfigurationPlatforms) = preSolution
		Debug|Win32 = Debug|Win32
		Release|Win32 = Release|Win32
	EndGlobalSection
	GlobalSection(ProjectConfigurationPlatforms) = postSolution
		{CF462A36-F048-4433-8738-E36FE2D3545B}.Debug|Win32.ActiveCfg = Debug|Win32
		{CF462A36-F048-4433-8738-E36FE2D3545B}.Debug|Win32.Build.0 = Debug|Win32
		{CF462A36-F048-4433-8738-E36FE2D3545B}.Release|Win32.ActiveCfg = Release|Win32
		{CF462A36-F048-4433-8738-E36FE2D3545B}.Release|Win32.Build.0 = Release|Win32
	EndGlobalSection
	GlobalSection(SolutionProperties) = preSolution
		HideSolutionNode = FALSE
	EndGlobalSection
EndGlobal
